%{"extwitter": {:git, "git://github.com/parroty/extwitter.git", "6b0de08c06c2d35df43427306f3421842a069e27", []},
  "floki": {:hex, :floki, "0.3.3"},
  "hackney": {:hex, :hackney, "1.3.1"},
  "httpoison": {:hex, :httpoison, "0.7.2"},
  "idna": {:hex, :idna, "1.0.2"},
  "mochiweb": {:hex, :mochiweb, "2.12.2"},
  "oauth": {:git, "git://github.com/tim/erlang-oauth.git", "2ee206ea921722893200a0ad534c6b6130233325", []},
  "poison": {:hex, :poison, "1.5.0"},
  "ssl_verify_hostname": {:hex, :ssl_verify_hostname, "1.0.5"},
  "timex": {:hex, :timex, "0.16.2"},
  "tzdata": {:hex, :tzdata, "0.1.7"}}
